
Microsoft Visual Studio Solution File, Format Version 12.00
# Visual Studio Version 17
VisualStudioVersion = 17.8.34309.116
MinimumVisualStudioVersion = 10.0.40219.1
Project("{FAE04EC0-301F-11D3-BF4B-00C04F79EFBC}") = "QuanLyBanHang", "QuanLyBanHang.csproj", "{36380EF0-8040-4B6C-B4EA-9D940FA766D1}"
EndProject
Project("{54435603-DBB4-11D2-8724-00A0C9A8B90C}") = "QLBH", "..\QLBH\QLBH.vdproj", "{1BCB6A85-C7AC-4C03-B636-7B8D7F601CD2}"
EndProject
Global
	GlobalSection(SolutionConfigurationPlatforms) = preSolution
		Debug|Any CPU = Debug|Any CPU
		Release|Any CPU = Release|Any CPU
	EndGlobalSection
	GlobalSection(ProjectConfigurationPlatforms) = postSolution
		{36380EF0-8040-4B6C-B4EA-9D940FA766D1}.Debug|Any CPU.ActiveCfg = Debug|Any CPU
		{36380EF0-8040-4B6C-B4EA-9D940FA766D1}.Debug|Any CPU.Build.0 = Debug|Any CPU
		{36380EF0-8040-4B6C-B4EA-9D940FA766D1}.Release|Any CPU.ActiveCfg = Release|Any CPU
		{36380EF0-8040-4B6C-B4EA-9D940FA766D1}.Release|Any CPU.Build.0 = Release|Any CPU
		{1BCB6A85-C7AC-4C03-B636-7B8D7F601CD2}.Debug|Any CPU.ActiveCfg = Debug
		{1BCB6A85-C7AC-4C03-B636-7B8D7F601CD2}.Release|Any CPU.ActiveCfg = Release
	EndGlobalSection
	GlobalSection(SolutionProperties) = preSolution
		HideSolutionNode = FALSE
	EndGlobalSection
	GlobalSection(ExtensibilityGlobals) = postSolution
		SolutionGuid = {EE20CC51-E4F4-4B69-9561-D1A2C66D7AF0}
	EndGlobalSection
EndGlobal
